
Microsoft Visual Studio Solution File, Format Version 12.00
# Visual Studio Version 16
VisualStudioVersion = 16.0.30804.86
MinimumVisualStudioVersion = 10.0.40219.1
Project("{9A19103F-16F7-4668-BE54-9A1E7A4F7556}") = "RazorPages", "RazorPages\RazorPages.csproj", "{CDA58A68-454A-47C0-B310-F41F66F6CF3D}"
EndProject
Project("{FAE04EC0-301F-11D3-BF4B-00C04F79EFBC}") = "MVCApplication", "MVCApplication\MVCApplication.csproj", "{22D11CEE-C459-4B5F-AA20-7AC5F90A2194}"
EndProject
Project("{FAE04EC0-301F-11D3-BF4B-00C04F79EFBC}") = "APIApplication", "APIApplication\APIApplication.csproj", "{912D98D3-3181-404E-82D6-9CE8E82B4538}"
EndProject
Project("{FAE04EC0-301F-11D3-BF4B-00C04F79EFBC}") = "BlazorServer", "BlazorServer\BlazorServer.csproj", "{786081E4-3756-4ABA-B79D-8FDCD77B94EE}"
EndProject
Global
	GlobalSection(SolutionConfigurationPlatforms) = preSolution
		Debug|Any CPU = Debug|Any CPU
		Release|Any CPU = Release|Any CPU
	EndGlobalSection
	GlobalSection(ProjectConfigurationPlatforms) = postSolution
		{CDA58A68-454A-47C0-B310-F41F66F6CF3D}.Debug|Any CPU.ActiveCfg = Debug|Any CPU
		{CDA58A68-454A-47C0-B310-F41F66F6CF3D}.Debug|Any CPU.Build.0 = Debug|Any CPU
		{CDA58A68-454A-47C0-B310-F41F66F6CF3D}.Release|Any CPU.ActiveCfg = Release|Any CPU
		{CDA58A68-454A-47C0-B310-F41F66F6CF3D}.Release|Any CPU.Build.0 = Release|Any CPU
		{22D11CEE-C459-4B5F-AA20-7AC5F90A2194}.Debug|Any CPU.ActiveCfg = Debug|Any CPU
		{22D11CEE-C459-4B5F-AA20-7AC5F90A2194}.Debug|Any CPU.Build.0 = Debug|Any CPU
		{22D11CEE-C459-4B5F-AA20-7AC5F90A2194}.Release|Any CPU.ActiveCfg = Release|Any CPU
		{22D11CEE-C459-4B5F-AA20-7AC5F90A2194}.Release|Any CPU.Build.0 = Release|Any CPU
		{912D98D3-3181-404E-82D6-9CE8E82B4538}.Debug|Any CPU.ActiveCfg = Debug|Any CPU
		{912D98D3-3181-404E-82D6-9CE8E82B4538}.Debug|Any CPU.Build.0 = Debug|Any CPU
		{912D98D3-3181-404E-82D6-9CE8E82B4538}.Release|Any CPU.ActiveCfg = Release|Any CPU
		{912D98D3-3181-404E-82D6-9CE8E82B4538}.Release|Any CPU.Build.0 = Release|Any CPU
		{786081E4-3756-4ABA-B79D-8FDCD77B94EE}.Debug|Any CPU.ActiveCfg = Debug|Any CPU
		{786081E4-3756-4ABA-B79D-8FDCD77B94EE}.Debug|Any CPU.Build.0 = Debug|Any CPU
		{786081E4-3756-4ABA-B79D-8FDCD77B94EE}.Release|Any CPU.ActiveCfg = Release|Any CPU
		{786081E4-3756-4ABA-B79D-8FDCD77B94EE}.Release|Any CPU.Build.0 = Release|Any CPU
	EndGlobalSection
	GlobalSection(SolutionProperties) = preSolution
		HideSolutionNode = FALSE
	EndGlobalSection
	GlobalSection(ExtensibilityGlobals) = postSolution
		SolutionGuid = {D2503153-E5C4-4055-8706-FA1DB0BB068A}
	EndGlobalSection
EndGlobal
